
Microsoft Visual Studio Solution File, Format Version 12.00
# Visual Studio Version 17
VisualStudioVersion = 17.12.35209.166
MinimumVisualStudioVersion = 10.0.40219.1
Project("{FAE04EC0-301F-11D3-BF4B-00C04F79EFBC}") = "ConsoleUI", "ConsoleUI\ConsoleUI.csproj", "{022F3D2C-DE62-4F99-BF39-394F0E204E61}"
EndProject
Project("{FAE04EC0-301F-11D3-BF4B-00C04F79EFBC}") = "DemoLibrary", "DemoLibrary\DemoLibrary.csproj", "{C900E21F-2E45-41C6-A5D4-C709C6C7BB9C}"
EndProject
Global
	GlobalSection(SolutionConfigurationPlatforms) = preSolution
		Debug|Any CPU = Debug|Any CPU
		Release|Any CPU = Release|Any CPU
	EndGlobalSection
	GlobalSection(ProjectConfigurationPlatforms) = postSolution
		{022F3D2C-DE62-4F99-BF39-394F0E204E61}.Debug|Any CPU.ActiveCfg = Debug|Any CPU
		{022F3D2C-DE62-4F99-BF39-394F0E204E61}.Debug|Any CPU.Build.0 = Debug|Any CPU
		{022F3D2C-DE62-4F99-BF39-394F0E204E61}.Release|Any CPU.ActiveCfg = Release|Any CPU
		{022F3D2C-DE62-4F99-BF39-394F0E204E61}.Release|Any CPU.Build.0 = Release|Any CPU
		{C900E21F-2E45-41C6-A5D4-C709C6C7BB9C}.Debug|Any CPU.ActiveCfg = Debug|Any CPU
		{C900E21F-2E45-41C6-A5D4-C709C6C7BB9C}.Debug|Any CPU.Build.0 = Debug|Any CPU
		{C900E21F-2E45-41C6-A5D4-C709C6C7BB9C}.Release|Any CPU.ActiveCfg = Release|Any CPU
		{C900E21F-2E45-41C6-A5D4-C709C6C7BB9C}.Release|Any CPU.Build.0 = Release|Any CPU
	EndGlobalSection
	GlobalSection(SolutionProperties) = preSolution
		HideSolutionNode = FALSE
	EndGlobalSection
	GlobalSection(ExtensibilityGlobals) = postSolution
		SolutionGuid = {A312AE10-EC21-4C69-9091-5228B98A17A0}
	EndGlobalSection
EndGlobal
